// !$*UTF8*$!
{
	archiveVersion = 1;
	classes = {
	};
	objectVersion = 50;
	objects = {

/* Begin PBXBuildFile section */
		220527E827CD0366008D33B4 /* CircleOnboardingView.swift in Sources */ = {isa = PBXBuildFile; fileRef = 220527E727CD0366008D33B4 /* CircleOnboardingView.swift */; };
		220527ED27CD07D7008D33B4 /* UIColor.swift in Sources */ = {isa = PBXBuildFile; fileRef = 220527EC27CD07D7008D33B4 /* UIColor.swift */; };
		220527F527CD07EF008D33B4 /* OverlayOnboarding.swift in Sources */ = {isa = PBXBuildFile; fileRef = 220527F427CD07EF008D33B4 /* OverlayOnboarding.swift */; };
		2218BBB427CDDC84008A3DD0 /* HomeView.swift in Sources */ = {isa = PBXBuildFile; fileRef = 2218BBB327CDDC84008A3DD0 /* HomeView.swift */; };
		2218BBB927CDDC95008A3DD0 /* OverlayHomeView.swift in Sources */ = {isa = PBXBuildFile; fileRef = 2218BBB827CDDC95008A3DD0 /* OverlayHomeView.swift */; };
		2218BBC227CDDEC8008A3DD0 /* ServiceHomeView.swift in Sources */ = {isa = PBXBuildFile; fileRef = 2218BBC127CDDEC7008A3DD0 /* ServiceHomeView.swift */; };
		22FC751727D0AC5B0020D876 /* MapView.swift in Sources */ = {isa = PBXBuildFile; fileRef = 22FC751627D0AC5B0020D876 /* MapView.swift */; };
		22FC751F27D0AFE40020D876 /* PointInterest.swift in Sources */ = {isa = PBXBuildFile; fileRef = 22FC751E27D0AFE40020D876 /* PointInterest.swift */; };
		22FE5B6927CCD27400C83851 /* CovidAppApp.swift in Sources */ = {isa = PBXBuildFile; fileRef = 22FE5B6827CCD27400C83851 /* CovidAppApp.swift */; };
		22FE5B6B27CCD27400C83851 /* ContentView.swift in Sources */ = {isa = PBXBuildFile; fileRef = 22FE5B6A27CCD27400C83851 /* ContentView.swift */; };
		22FE5B6D27CCD27500C83851 /* Assets.xcassets in Resources */ = {isa = PBXBuildFile; fileRef = 22FE5B6C27CCD27500C83851 /* Assets.xcassets */; };
		22FE5B7027CCD27500C83851 /* Preview Assets.xcassets in Resources */ = {isa = PBXBuildFile; fileRef = 22FE5B6F27CCD27500C83851 /* Preview Assets.xcassets */; };
		22FE5B7B27CCD27600C83851 /* CovidAppTests.swift in Sources */ = {isa = PBXBuildFile; fileRef = 22FE5B7A27CCD27600C83851 /* CovidAppTests.swift */; };
		22FE5B8627CCD27600C83851 /* CovidAppUITests.swift in Sources */ = {isa = PBXBuildFile; fileRef = 22FE5B8527CCD27600C83851 /* CovidAppUITests.swift */; };
		22FE5BA127CCD97700C83851 /* Graphit-Bold.otf in Resources */ = {isa = PBXBuildFile; fileRef = 22FE5B9D27CCD8BE00C83851 /* Graphit-Bold.otf */; };
/* End PBXBuildFile section */

/* Begin PBXContainerItemProxy section */
		22FE5B7727CCD27600C83851 /* PBXContainerItemProxy */ = {
			isa = PBXContainerItemProxy;
			containerPortal = 22FE5B5D27CCD27400C83851 /* Project object */;
			proxyType = 1;
			remoteGlobalIDString = 22FE5B6427CCD27400C83851;
			remoteInfo = CovidApp;
		};
		22FE5B8227CCD27600C83851 /* PBXContainerItemProxy */ = {
			isa = PBXContainerItemProxy;
			containerPortal = 22FE5B5D27CCD27400C83851 /* Project object */;
			proxyType = 1;
			remoteGlobalIDString = 22FE5B6427CCD27400C83851;
			remoteInfo = CovidApp;
		};
/* End PBXContainerItemProxy section */

/* Begin PBXFileReference section */
		220527E727CD0366008D33B4 /* CircleOnboardingView.swift */ = {isa = PBXFileReference; lastKnownFileType = sourcecode.swift; path = CircleOnboardingView.swift; sourceTree = "<group>"; };
		220527EC27CD07D7008D33B4 /* UIColor.swift */ = {isa = PBXFileReference; lastKnownFileType = sourcecode.swift; path = UIColor.swift; sourceTree = "<group>"; };
		220527F427CD07EF008D33B4 /* OverlayOnboarding.swift */ = {isa = PBXFileReference; lastKnownFileType = sourcecode.swift; path = OverlayOnboarding.swift; sourceTree = "<group>"; };
		2218BBB327CDDC84008A3DD0 /* HomeView.swift */ = {isa = PBXFileReference; lastKnownFileType = sourcecode.swift; path = HomeView.swift; sourceTree = "<group>"; };
		2218BBB827CDDC95008A3DD0 /* OverlayHomeView.swift */ = {isa = PBXFileReference; lastKnownFileType = sourcecode.swift; path = OverlayHomeView.swift; sourceTree = "<group>"; };
		2218BBC127CDDEC7008A3DD0 /* ServiceHomeView.swift */ = {isa = PBXFileReference; lastKnownFileType = sourcecode.swift; path = ServiceHomeView.swift; sourceTree = "<group>"; };
		22FC751627D0AC5B0020D876 /* MapView.swift */ = {isa = PBXFileReference; lastKnownFileType = sourcecode.swift; path = MapView.swift; sourceTree = "<group>"; };
		22FC751E27D0AFE40020D876 /* PointInterest.swift */ = {isa = PBXFileReference; lastKnownFileType = sourcecode.swift; path = PointInterest.swift; sourceTree = "<group>"; };
		22FE5B6527CCD27400C83851 /* CovidApp.app */ = {isa = PBXFileReference; explicitFileType = wrapper.application; includeInIndex = 0; path = CovidApp.app; sourceTree = BUILT_PRODUCTS_DIR; };
		22FE5B6827CCD27400C83851 /* CovidAppApp.swift */ = {isa = PBXFileReference; lastKnownFileType = sourcecode.swift; path = CovidAppApp.swift; sourceTree = "<group>"; };
		22FE5B6A27CCD27400C83851 /* ContentView.swift */ = {isa = PBXFileReference; lastKnownFileType = sourcecode.swift; path = ContentView.swift; sourceTree = "<group>"; };
		22FE5B6C27CCD27500C83851 /* Assets.xcassets */ = {isa = PBXFileReference; lastKnownFileType = folder.assetcatalog; path = Assets.xcassets; sourceTree = "<group>"; };
		22FE5B6F27CCD27500C83851 /* Preview Assets.xcassets */ = {isa = PBXFileReference; lastKnownFileType = folder.assetcatalog; path = "Preview Assets.xcassets"; sourceTree = "<group>"; };
		22FE5B7127CCD27500C83851 /* Info.plist */ = {isa = PBXFileReference; lastKnownFileType = text.plist.xml; path = Info.plist; sourceTree = "<group>"; };
		22FE5B7627CCD27600C83851 /* CovidAppTests.xctest */ = {isa = PBXFileReference; explicitFileType = wrapper.cfbundle; includeInIndex = 0; path = CovidAppTests.xctest; sourceTree = BUILT_PRODUCTS_DIR; };
		22FE5B7A27CCD27600C83851 /* CovidAppTests.swift */ = {isa = PBXFileReference; lastKnownFileType = sourcecode.swift; path = CovidAppTests.swift; sourceTree = "<group>"; };
		22FE5B7C27CCD27600C83851 /* Info.plist */ = {isa = PBXFileReference; lastKnownFileType = text.plist.xml; path = Info.plist; sourceTree = "<group>"; };
		22FE5B8127CCD27600C83851 /* CovidAppUITests.xctest */ = {isa = PBXFileReference; explicitFileType = wrapper.cfbundle; includeInIndex = 0; path = CovidAppUITests.xctest; sourceTree = BUILT_PRODUCTS_DIR; };
		22FE5B8527CCD27600C83851 /* CovidAppUITests.swift */ = {isa = PBXFileReference; lastKnownFileType = sourcecode.swift; path = CovidAppUITests.swift; sourceTree = "<group>"; };
		22FE5B8727CCD27600C83851 /* Info.plist */ = {isa = PBXFileReference; lastKnownFileType = text.plist.xml; path = Info.plist; sourceTree = "<group>"; };
		22FE5B9D27CCD8BE00C83851 /* Graphit-Bold.otf */ = {isa = PBXFileReference; lastKnownFileType = file; path = "Graphit-Bold.otf"; sourceTree = "<group>"; };
/* End PBXFileReference section */

/* Begin PBXFrameworksBuildPhase section */
		22FE5B6227CCD27400C83851 /* Frameworks */ = {
			isa = PBXFrameworksBuildPhase;
			buildActionMask = 2147483647;
			files = (
			);
			runOnlyForDeploymentPostprocessing = 0;
		};
		22FE5B7327CCD27600C83851 /* Frameworks */ = {
			isa = PBXFrameworksBuildPhase;
			buildActionMask = 2147483647;
			files = (
			);
			runOnlyForDeploymentPostprocessing = 0;
		};
		22FE5B7E27CCD27600C83851 /* Frameworks */ = {
			isa = PBXFrameworksBuildPhase;
			buildActionMask = 2147483647;
			files = (
			);
			runOnlyForDeploymentPostprocessing = 0;
		};
/* End PBXFrameworksBuildPhase section */

/* Begin PBXGroup section */
		220527E627CD0344008D33B4 /* Onboarding */ = {
			isa = PBXGroup;
			children = (
				220527E727CD0366008D33B4 /* CircleOnboardingView.swift */,
				22FE5B6A27CCD27400C83851 /* ContentView.swift */,
			);
			path = Onboarding;
			sourceTree = "<group>";
		};
		2218BBB227CDDC30008A3DD0 /* Models */ = {
			isa = PBXGroup;
			children = (
				22FC751427D0AC460020D876 /* ProfileView */,
				2218BBC027CDDE8F008A3DD0 /* HomeView */,
				220527E627CD0344008D33B4 /* Onboarding */,
			);
			path = Models;
			sourceTree = "<group>";
		};
		2218BBC027CDDE8F008A3DD0 /* HomeView */ = {
			isa = PBXGroup;
			children = (
				2218BBB327CDDC84008A3DD0 /* HomeView.swift */,
				2218BBC127CDDEC7008A3DD0 /* ServiceHomeView.swift */,
			);
			path = HomeView;
			sourceTree = "<group>";
		};
		22FC751427D0AC460020D876 /* ProfileView */ = {
			isa = PBXGroup;
			children = (
				22FC751527D0AC4D0020D876 /* ProfileMapKit */,
			);
			path = ProfileView;
			sourceTree = "<group>";
		};
		22FC751527D0AC4D0020D876 /* ProfileMapKit */ = {
			isa = PBXGroup;
			children = (
				22FC751627D0AC5B0020D876 /* MapView.swift */,
				22FC751E27D0AFE40020D876 /* PointInterest.swift */,
			);
			path = ProfileMapKit;
			sourceTree = "<group>";
		};
		22FE5B5C27CCD27400C83851 = {
			isa = PBXGroup;
			children = (
				22FE5B6727CCD27400C83851 /* CovidApp */,
				22FE5B7927CCD27600C83851 /* CovidAppTests */,
				22FE5B8427CCD27600C83851 /* CovidAppUITests */,
				22FE5B6627CCD27400C83851 /* Products */,
			);
			sourceTree = "<group>";
		};
		22FE5B6627CCD27400C83851 /* Products */ = {
			isa = PBXGroup;
			children = (
				22FE5B6527CCD27400C83851 /* CovidApp.app */,
				22FE5B7627CCD27600C83851 /* CovidAppTests.xctest */,
				22FE5B8127CCD27600C83851 /* CovidAppUITests.xctest */,
			);
			name = Products;
			sourceTree = "<group>";
		};
		22FE5B6727CCD27400C83851 /* CovidApp */ = {
			isa = PBXGroup;
			children = (
				2218BBB227CDDC30008A3DD0 /* Models */,
				22FE5B9627CCD48400C83851 /* Other */,
				22FE5B6827CCD27400C83851 /* CovidAppApp.swift */,
				22FE5B6C27CCD27500C83851 /* Assets.xcassets */,
				22FE5B7127CCD27500C83851 /* Info.plist */,
				22FE5B6E27CCD27500C83851 /* Preview Content */,
			);
			path = CovidApp;
			sourceTree = "<group>";
		};
		22FE5B6E27CCD27500C83851 /* Preview Content */ = {
			isa = PBXGroup;
			children = (
				22FE5B6F27CCD27500C83851 /* Preview Assets.xcassets */,
			);
			path = "Preview Content";
			sourceTree = "<group>";
		};
		22FE5B7927CCD27600C83851 /* CovidAppTests */ = {
			isa = PBXGroup;
			children = (
				22FE5B7A27CCD27600C83851 /* CovidAppTests.swift */,
				22FE5B7C27CCD27600C83851 /* Info.plist */,
			);
			path = CovidAppTests;
			sourceTree = "<group>";
		};
		22FE5B8427CCD27600C83851 /* CovidAppUITests */ = {
			isa = PBXGroup;
			children = (
				22FE5B8527CCD27600C83851 /* CovidAppUITests.swift */,
				22FE5B8727CCD27600C83851 /* Info.plist */,
			);
			path = CovidAppUITests;
			sourceTree = "<group>";
		};
		22FE5B9627CCD48400C83851 /* Other */ = {
			isa = PBXGroup;
			children = (
				22FE5B9C27CCD88300C83851 /* Font */,
				220527EC27CD07D7008D33B4 /* UIColor.swift */,
				220527F427CD07EF008D33B4 /* OverlayOnboarding.swift */,
				2218BBB827CDDC95008A3DD0 /* OverlayHomeView.swift */,
			);
			path = Other;
			sourceTree = "<group>";
		};
		22FE5B9C27CCD88300C83851 /* Font */ = {
			isa = PBXGroup;
			children = (
				22FE5B9D27CCD8BE00C83851 /* Graphit-Bold.otf */,
			);
			path = Font;
			sourceTree = "<group>";
		};
/* End PBXGroup section */

/* Begin PBXNativeTarget section */
		22FE5B6427CCD27400C83851 /* CovidApp */ = {
			isa = PBXNativeTarget;
			buildConfigurationList = 22FE5B8A27CCD27600C83851 /* Build configuration list for PBXNativeTarget "CovidApp" */;
			buildPhases = (
				22FE5B6127CCD27400C83851 /* Sources */,
				22FE5B6227CCD27400C83851 /* Frameworks */,
				22FE5B6327CCD27400C83851 /* Resources */,
			);
			buildRules = (
			);
			dependencies = (
			);
			name = CovidApp;
			productName = CovidApp;
			productReference = 22FE5B6527CCD27400C83851 /* CovidApp.app */;
			productType = "com.apple.product-type.application";
		};
		22FE5B7527CCD27600C83851 /* CovidAppTests */ = {
			isa = PBXNativeTarget;
			buildConfigurationList = 22FE5B8D27CCD27600C83851 /* Build configuration list for PBXNativeTarget "CovidAppTests" */;
			buildPhases = (
				22FE5B7227CCD27600C83851 /* Sources */,
				22FE5B7327CCD27600C83851 /* Frameworks */,
				22FE5B7427CCD27600C83851 /* Resources */,
			);
			buildRules = (
			);
			dependencies = (
				22FE5B7827CCD27600C83851 /* PBXTargetDependency */,
			);
			name = CovidAppTests;
			productName = CovidAppTests;
			productReference = 22FE5B7627CCD27600C83851 /* CovidAppTests.xctest */;
			productType = "com.apple.product-type.bundle.unit-test";
		};
		22FE5B8027CCD27600C83851 /* CovidAppUITests */ = {
			isa = PBXNativeTarget;
			buildConfigurationList = 22FE5B9027CCD27600C83851 /* Build configuration list for PBXNativeTarget "CovidAppUITests" */;
			buildPhases = (
				22FE5B7D27CCD27600C83851 /* Sources */,
				22FE5B7E27CCD27600C83851 /* Frameworks */,
				22FE5B7F27CCD27600C83851 /* Resources */,
			);
			buildRules = (
			);
			dependencies = (
				22FE5B8327CCD27600C83851 /* PBXTargetDependency */,
			);
			name = CovidAppUITests;
			productName = CovidAppUITests;
			productReference = 22FE5B8127CCD27600C83851 /* CovidAppUITests.xctest */;
			productType = "com.apple.product-type.bundle.ui-testing";
		};
/* End PBXNativeTarget section */

/* Begin PBXProject section */
		22FE5B5D27CCD27400C83851 /* Project object */ = {
			isa = PBXProject;
			attributes = {
				LastSwiftUpdateCheck = 1240;
				LastUpgradeCheck = 1240;
				TargetAttributes = {
					22FE5B6427CCD27400C83851 = {
						CreatedOnToolsVersion = 12.4;
					};
					22FE5B7527CCD27600C83851 = {
						CreatedOnToolsVersion = 12.4;
						TestTargetID = 22FE5B6427CCD27400C83851;
					};
					22FE5B8027CCD27600C83851 = {
						CreatedOnToolsVersion = 12.4;
						TestTargetID = 22FE5B6427CCD27400C83851;
					};
				};
			};
			buildConfigurationList = 22FE5B6027CCD27400C83851 /* Build configuration list for PBXProject "CovidApp" */;
			compatibilityVersion = "Xcode 9.3";
			developmentRegion = en;
			hasScannedForEncodings = 0;
			knownRegions = (
				en,
				Base,
			);
			mainGroup = 22FE5B5C27CCD27400C83851;
			productRefGroup = 22FE5B6627CCD27400C83851 /* Products */;
			projectDirPath = "";
			projectRoot = "";
			targets = (
				22FE5B6427CCD27400C83851 /* CovidApp */,
				22FE5B7527CCD27600C83851 /* CovidAppTests */,
				22FE5B8027CCD27600C83851 /* CovidAppUITests */,
			);
		};
/* End PBXProject section */

/* Begin PBXResourcesBuildPhase section */
		22FE5B6327CCD27400C83851 /* Resources */ = {
			isa = PBXResourcesBuildPhase;
			buildActionMask = 2147483647;
			files = (
				22FE5B7027CCD27500C83851 /* Preview Assets.xcassets in Resources */,
				22FE5B6D27CCD27500C83851 /* Assets.xcassets in Resources */,
				22FE5BA127CCD97700C83851 /* Graphit-Bold.otf in Resources */,
			);
			runOnlyForDeploymentPostprocessing = 0;
		};
		22FE5B7427CCD27600C83851 /* Resources */ = {
			isa = PBXResourcesBuildPhase;
			buildActionMask = 2147483647;
			files = (
			);
			runOnlyForDeploymentPostprocessing = 0;
		};
		22FE5B7F27CCD27600C83851 /* Resources */ = {
			isa = PBXResourcesBuildPhase;
			buildActionMask = 2147483647;
			files = (
			);
			runOnlyForDeploymentPostprocessing = 0;
		};
/* End PBXResourcesBuildPhase section */

/* Begin PBXSourcesBuildPhase section */
		22FE5B6127CCD27400C83851 /* Sources */ = {
			isa = PBXSourcesBuildPhase;
			buildActionMask = 2147483647;
			files = (
				220527F527CD07EF008D33B4 /* OverlayOnboarding.swift in Sources */,
				220527E827CD0366008D33B4 /* CircleOnboardingView.swift in Sources */,
				22FE5B6B27CCD27400C83851 /* ContentView.swift in Sources */,
				2218BBB427CDDC84008A3DD0 /* HomeView.swift in Sources */,
				22FC751F27D0AFE40020D876 /* PointInterest.swift in Sources */,
				22FE5B6927CCD27400C83851 /* CovidAppApp.swift in Sources */,
				2218BBC227CDDEC8008A3DD0 /* ServiceHomeView.swift in Sources */,
				220527ED27CD07D7008D33B4 /* UIColor.swift in Sources */,
				22FC751727D0AC5B0020D876 /* MapView.swift in Sources */,
				2218BBB927CDDC95008A3DD0 /* OverlayHomeView.swift in Sources */,
			);
			runOnlyForDeploymentPostprocessing = 0;
		};
		22FE5B7227CCD27600C83851 /* Sources */ = {
			isa = PBXSourcesBuildPhase;
			buildActionMask = 2147483647;
			files = (
				22FE5B7B27CCD27600C83851 /* CovidAppTests.swift in Sources */,
			);
			runOnlyForDeploymentPostprocessing = 0;
		};
		22FE5B7D27CCD27600C83851 /* Sources */ = {
			isa = PBXSourcesBuildPhase;
			buildActionMask = 2147483647;
			files = (
				22FE5B8627CCD27600C83851 /* CovidAppUITests.swift in Sources */,
			);
			runOnlyForDeploymentPostprocessing = 0;
		};
/* End PBXSourcesBuildPhase section */

/* Begin PBXTargetDependency section */
		22FE5B7827CCD27600C83851 /* PBXTargetDependency */ = {
			isa = PBXTargetDependency;
			target = 22FE5B6427CCD27400C83851 /* CovidApp */;
			targetProxy = 22FE5B7727CCD27600C83851 /* PBXContainerItemProxy */;
		};
		22FE5B8327CCD27600C83851 /* PBXTargetDependency */ = {
			isa = PBXTargetDependency;
			target = 22FE5B6427CCD27400C83851 /* CovidApp */;
			targetProxy = 22FE5B8227CCD27600C83851 /* PBXContainerItemProxy */;
		};
/* End PBXTargetDependency section */

/* Begin XCBuildConfiguration section */
		22FE5B8827CCD27600C83851 /* Debug */ = {
			isa = XCBuildConfiguration;
			buildSettings = {
				ALWAYS_SEARCH_USER_PATHS = NO;
				CLANG_ANALYZER_NONNULL = YES;
				CLANG_ANALYZER_NUMBER_OBJECT_CONVERSION = YES_AGGRESSIVE;
				CLANG_CXX_LANGUAGE_STANDARD = "gnu++14";
				CLANG_CXX_LIBRARY = "libc++";
				CLANG_ENABLE_MODULES = YES;
				CLANG_ENABLE_OBJC_ARC = YES;
				CLANG_ENABLE_OBJC_WEAK = YES;
				CLANG_WARN_BLOCK_CAPTURE_AUTORELEASING = YES;
				CLANG_WARN_BOOL_CONVERSION = YES;
				CLANG_WARN_COMMA = YES;
				CLANG_WARN_CONSTANT_CONVERSION = YES;
				CLANG_WARN_DEPRECATED_OBJC_IMPLEMENTATIONS = YES;
				CLANG_WARN_DIRECT_OBJC_ISA_USAGE = YES_ERROR;
				CLANG_WARN_DOCUMENTATION_COMMENTS = YES;
				CLANG_WARN_EMPTY_BODY = YES;
				CLANG_WARN_ENUM_CONVERSION = YES;
				CLANG_WARN_INFINITE_RECURSION = YES;
				CLANG_WARN_INT_CONVERSION = YES;
				CLANG_WARN_NON_LITERAL_NULL_CONVERSION = YES;
				CLANG_WARN_OBJC_IMPLICIT_RETAIN_SELF = YES;
				CLANG_WARN_OBJC_LITERAL_CONVERSION = YES;
				CLANG_WARN_OBJC_ROOT_CLASS = YES_ERROR;
				CLANG_WARN_QUOTED_INCLUDE_IN_FRAMEWORK_HEADER = YES;
				CLANG_WARN_RANGE_LOOP_ANALYSIS = YES;
				CLANG_WARN_STRICT_PROTOTYPES = YES;
				CLANG_WARN_SUSPICIOUS_MOVE = YES;
				CLANG_WARN_UNGUARDED_AVAILABILITY = YES_AGGRESSIVE;
				CLANG_WARN_UNREACHABLE_CODE = YES;
				CLANG_WARN__DUPLICATE_METHOD_MATCH = YES;
				COPY_PHASE_STRIP = NO;
				DEBUG_INFORMATION_FORMAT = dwarf;
				ENABLE_STRICT_OBJC_MSGSEND = YES;
				ENABLE_TESTABILITY = YES;
				GCC_C_LANGUAGE_STANDARD = gnu11;
				GCC_DYNAMIC_NO_PIC = NO;
				GCC_NO_COMMON_BLOCKS = YES;
				GCC_OPTIMIZATION_LEVEL = 0;
				GCC_PREPROCESSOR_DEFINITIONS = (
					"DEBUG=1",
					"$(inherited)",
				);
				GCC_WARN_64_TO_32_BIT_CONVERSION = YES;
				GCC_WARN_ABOUT_RETURN_TYPE = YES_ERROR;
				GCC_WARN_UNDECLARED_SELECTOR = YES;
				GCC_WARN_UNINITIALIZED_AUTOS = YES_AGGRESSIVE;
				GCC_WARN_UNUSED_FUNCTION = YES;
				GCC_WARN_UNUSED_VARIABLE = YES;
				IPHONEOS_DEPLOYMENT_TARGET = 14.4;
				MTL_ENABLE_DEBUG_INFO = INCLUDE_SOURCE;
				MTL_FAST_MATH = YES;
				ONLY_ACTIVE_ARCH = YES;
				SDKROOT = iphoneos;
				SWIFT_ACTIVE_COMPILATION_CONDITIONS = DEBUG;
				SWIFT_OPTIMIZATION_LEVEL = "-Onone";
			};
			name = Debug;
		};
		22FE5B8927CCD27600C83851 /* Release */ = {
			isa = XCBuildConfiguration;
			buildSettings = {
				ALWAYS_SEARCH_USER_PATHS = NO;
				CLANG_ANALYZER_NONNULL = YES;
				CLANG_ANALYZER_NUMBER_OBJECT_CONVERSION = YES_AGGRESSIVE;
				CLANG_CXX_LANGUAGE_STANDARD = "gnu++14";
				CLANG_CXX_LIBRARY = "libc++";
				CLANG_ENABLE_MODULES = YES;
				CLANG_ENABLE_OBJC_ARC = YES;
				CLANG_ENABLE_OBJC_WEAK = YES;
				CLANG_WARN_BLOCK_CAPTURE_AUTORELEASING = YES;
				CLANG_WARN_BOOL_CONVERSION = YES;
				CLANG_WARN_COMMA = YES;
				CLANG_WARN_CONSTANT_CONVERSION = YES;
				CLANG_WARN_DEPRECATED_OBJC_IMPLEMENTATIONS = YES;
				CLANG_WARN_DIRECT_OBJC_ISA_USAGE = YES_ERROR;
				CLANG_WARN_DOCUMENTATION_COMMENTS = YES;
				CLANG_WARN_EMPTY_BODY = YES;
				CLANG_WARN_ENUM_CONVERSION = YES;
				CLANG_WARN_INFINITE_RECURSION = YES;
				CLANG_WARN_INT_CONVERSION = YES;
				CLANG_WARN_NON_LITERAL_NULL_CONVERSION = YES;
				CLANG_WARN_OBJC_IMPLICIT_RETAIN_SELF = YES;
				CLANG_WARN_OBJC_LITERAL_CONVERSION = YES;
				CLANG_WARN_OBJC_ROOT_CLASS = YES_ERROR;
				CLANG_WARN_QUOTED_INCLUDE_IN_FRAMEWORK_HEADER = YES;
				CLANG_WARN_RANGE_LOOP_ANALYSIS = YES;
				CLANG_WARN_STRICT_PROTOTYPES = YES;
				CLANG_WARN_SUSPICIOUS_MOVE = YES;
				CLANG_WARN_UNGUARDED_AVAILABILITY = YES_AGGRESSIVE;
				CLANG_WARN_UNREACHABLE_CODE = YES;
				CLANG_WARN__DUPLICATE_METHOD_MATCH = YES;
				COPY_PHASE_STRIP = NO;
				DEBUG_INFORMATION_FORMAT = "dwarf-with-dsym";
				ENABLE_NS_ASSERTIONS = NO;
				ENABLE_STRICT_OBJC_MSGSEND = YES;
				GCC_C_LANGUAGE_STANDARD = gnu11;
				GCC_NO_COMMON_BLOCKS = YES;
				GCC_WARN_64_TO_32_BIT_CONVERSION = YES;
				GCC_WARN_ABOUT_RETURN_TYPE = YES_ERROR;
				GCC_WARN_UNDECLARED_SELECTOR = YES;
				GCC_WARN_UNINITIALIZED_AUTOS = YES_AGGRESSIVE;
				GCC_WARN_UNUSED_FUNCTION = YES;
				GCC_WARN_UNUSED_VARIABLE = YES;
				IPHONEOS_DEPLOYMENT_TARGET = 14.4;
				MTL_ENABLE_DEBUG_INFO = NO;
				MTL_FAST_MATH = YES;
				SDKROOT = iphoneos;
				SWIFT_COMPILATION_MODE = wholemodule;
				SWIFT_OPTIMIZATION_LEVEL = "-O";
				VALIDATE_PRODUCT = YES;
			};
			name = Release;
		};
		22FE5B8B27CCD27600C83851 /* Debug */ = {
			isa = XCBuildConfiguration;
			buildSettings = {
				ASSETCATALOG_COMPILER_APPICON_NAME = AppIcon;
				ASSETCATALOG_COMPILER_GLOBAL_ACCENT_COLOR_NAME = AccentColor;
				CODE_SIGN_STYLE = Automatic;
				DEVELOPMENT_ASSET_PATHS = "\"CovidApp/Preview Content\"";
				ENABLE_PREVIEWS = YES;
				INFOPLIST_FILE = CovidApp/Info.plist;
				IPHONEOS_DEPLOYMENT_TARGET = 14.0;
				LD_RUNPATH_SEARCH_PATHS = (
					"$(inherited)",
					"@executable_path/Frameworks",
				);
				PRODUCT_BUNDLE_IDENTIFIER = UX.CovidApp;
				PRODUCT_NAME = "$(TARGET_NAME)";
				SWIFT_VERSION = 5.0;
				TARGETED_DEVICE_FAMILY = "1,2";
			};
			name = Debug;
		};
		22FE5B8C27CCD27600C83851 /* Release */ = {
			isa = XCBuildConfiguration;
			buildSettings = {
				ASSETCATALOG_COMPILER_APPICON_NAME = AppIcon;
				ASSETCATALOG_COMPILER_GLOBAL_ACCENT_COLOR_NAME = AccentColor;
				CODE_SIGN_STYLE = Automatic;
				DEVELOPMENT_ASSET_PATHS = "\"CovidApp/Preview Content\"";
				ENABLE_PREVIEWS = YES;
				INFOPLIST_FILE = CovidApp/Info.plist;
				IPHONEOS_DEPLOYMENT_TARGET = 14.0;
				LD_RUNPATH_SEARCH_PATHS = (
					"$(inherited)",
					"@executable_path/Frameworks",
				);
				PRODUCT_BUNDLE_IDENTIFIER = UX.CovidApp;
				PRODUCT_NAME = "$(TARGET_NAME)";
				SWIFT_VERSION = 5.0;
				TARGETED_DEVICE_FAMILY = "1,2";
			};
			name = Release;
		};
		22FE5B8E27CCD27600C83851 /* Debug */ = {
			isa = XCBuildConfiguration;
			buildSettings = {
				ALWAYS_EMBED_SWIFT_STANDARD_LIBRARIES = YES;
				BUNDLE_LOADER = "$(TEST_HOST)";
				CODE_SIGN_STYLE = Automatic;
				INFOPLIST_FILE = CovidAppTests/Info.plist;
				IPHONEOS_DEPLOYMENT_TARGET = 14.0;
				LD_RUNPATH_SEARCH_PATHS = (
					"$(inherited)",
					"@executable_path/Frameworks",
					"@loader_path/Frameworks",
				);
				PRODUCT_BUNDLE_IDENTIFIER = UX.CovidAppTests;
				PRODUCT_NAME = "$(TARGET_NAME)";
				SWIFT_VERSION = 5.0;
				TARGETED_DEVICE_FAMILY = "1,2";
				TEST_HOST = "$(BUILT_PRODUCTS_DIR)/CovidApp.app/CovidApp";
			};
			name = Debug;
		};
		22FE5B8F27CCD27600C83851 /* Release */ = {
			isa = XCBuildConfiguration;
			buildSettings = {
				ALWAYS_EMBED_SWIFT_STANDARD_LIBRARIES = YES;
				BUNDLE_LOADER = "$(TEST_HOST)";
				CODE_SIGN_STYLE = Automatic;
				INFOPLIST_FILE = CovidAppTests/Info.plist;
				IPHONEOS_DEPLOYMENT_TARGET = 14.0;
				LD_RUNPATH_SEARCH_PATHS = (
					"$(inherited)",
					"@executable_path/Frameworks",
					"@loader_path/Frameworks",
				);
				PRODUCT_BUNDLE_IDENTIFIER = UX.CovidAppTests;
				PRODUCT_NAME = "$(TARGET_NAME)";
				SWIFT_VERSION = 5.0;
				TARGETED_DEVICE_FAMILY = "1,2";
				TEST_HOST = "$(BUILT_PRODUCTS_DIR)/CovidApp.app/CovidApp";
			};
			name = Release;
		};
		22FE5B9127CCD27600C83851 /* Debug */ = {
			isa = XCBuildConfiguration;
			buildSettings = {
				ALWAYS_EMBED_SWIFT_STANDARD_LIBRARIES = YES;
				CODE_SIGN_STYLE = Automatic;
				INFOPLIST_FILE = CovidAppUITests/Info.plist;
				LD_RUNPATH_SEARCH_PATHS = (
					"$(inherited)",
					"@executable_path/Frameworks",
					"@loader_path/Frameworks",
				);
				PRODUCT_BUNDLE_IDENTIFIER = UX.CovidAppUITests;
				PRODUCT_NAME = "$(TARGET_NAME)";
				SWIFT_VERSION = 5.0;
				TARGETED_DEVICE_FAMILY = "1,2";
				TEST_TARGET_NAME = CovidApp;
			};
			name = Debug;
		};
		22FE5B9227CCD27600C83851 /* Release */ = {
			isa = XCBuildConfiguration;
			buildSettings = {
				ALWAYS_EMBED_SWIFT_STANDARD_LIBRARIES = YES;
				CODE_SIGN_STYLE = Automatic;
				INFOPLIST_FILE = CovidAppUITests/Info.plist;
				LD_RUNPATH_SEARCH_PATHS = (
					"$(inherited)",
					"@executable_path/Frameworks",
					"@loader_path/Frameworks",
				);
				PRODUCT_BUNDLE_IDENTIFIER = UX.CovidAppUITests;
				PRODUCT_NAME = "$(TARGET_NAME)";
				SWIFT_VERSION = 5.0;
				TARGETED_DEVICE_FAMILY = "1,2";
				TEST_TARGET_NAME = CovidApp;
			};
			name = Release;
		};
/* End XCBuildConfiguration section */

/* Begin XCConfigurationList section */
		22FE5B6027CCD27400C83851 /* Build configuration list for PBXProject "CovidApp" */ = {
			isa = XCConfigurationList;
			buildConfigurations = (
				22FE5B8827CCD27600C83851 /* Debug */,
				22FE5B8927CCD27600C83851 /* Release */,
			);
			defaultConfigurationIsVisible = 0;
			defaultConfigurationName = Release;
		};
		22FE5B8A27CCD27600C83851 /* Build configuration list for PBXNativeTarget "CovidApp" */ = {
			isa = XCConfigurationList;
			buildConfigurations = (
				22FE5B8B27CCD27600C83851 /* Debug */,
				22FE5B8C27CCD27600C83851 /* Release */,
			);
			defaultConfigurationIsVisible = 0;
			defaultConfigurationName = Release;
		};
		22FE5B8D27CCD27600C83851 /* Build configuration list for PBXNativeTarget "CovidAppTests" */ = {
			isa = XCConfigurationList;
			buildConfigurations = (
				22FE5B8E27CCD27600C83851 /* Debug */,
				22FE5B8F27CCD27600C83851 /* Release */,
			);
			defaultConfigurationIsVisible = 0;
			defaultConfigurationName = Release;
		};
		22FE5B9027CCD27600C83851 /* Build configuration list for PBXNativeTarget "CovidAppUITests" */ = {
			isa = XCConfigurationList;
			buildConfigurations = (
				22FE5B9127CCD27600C83851 /* Debug */,
				22FE5B9227CCD27600C83851 /* Release */,
			);
			defaultConfigurationIsVisible = 0;
			defaultConfigurationName = Release;
		};
/* End XCConfigurationList section */
	};
	rootObject = 22FE5B5D27CCD27400C83851 /* Project object */;
}
